
Microsoft Visual Studio Solution File, Format Version 12.00
# Visual Studio Version 17
VisualStudioVersion = 17.5.33627.172
MinimumVisualStudioVersion = 10.0.40219.1
Project("{FAE04EC0-301F-11D3-BF4B-00C04F79EFBC}") = "BankingAPI", "bankingapi\BankingAPI.csproj", "{9FD73234-AE31-4D51-A7ED-39113843841E}"
EndProject
Global
	GlobalSection(SolutionConfigurationPlatforms) = preSolution
		Debug|Any CPU = Debug|Any CPU
		Release|Any CPU = Release|Any CPU
	EndGlobalSection
	GlobalSection(ProjectConfigurationPlatforms) = postSolution
		{9FD73234-AE31-4D51-A7ED-39113843841E}.Debug|Any CPU.ActiveCfg = Debug|Any CPU
		{9FD73234-AE31-4D51-A7ED-39113843841E}.Debug|Any CPU.Build.0 = Debug|Any CPU
		{9FD73234-AE31-4D51-A7ED-39113843841E}.Release|Any CPU.ActiveCfg = Release|Any CPU
		{9FD73234-AE31-4D51-A7ED-39113843841E}.Release|Any CPU.Build.0 = Release|Any CPU
	EndGlobalSection
	GlobalSection(SolutionProperties) = preSolution
		HideSolutionNode = FALSE
	EndGlobalSection
	GlobalSection(ExtensibilityGlobals) = postSolution
		SolutionGuid = {441AF7E2-5FD2-44C9-AA39-78E7681713C1}
	EndGlobalSection
EndGlobal
